// !$*UTF8*$!
{
	archiveVersion = 1;
	classes = {
	};
	objectVersion = 56;
	objects = {

/* Begin PBXBuildFile section */
		424473262A10D18700F4CF7A /* Alarm.swift in Sources */ = {isa = PBXBuildFile; fileRef = 424473252A10D18700F4CF7A /* Alarm.swift */; };
		424473282A126E1100F4CF7A /* RepeatDay.swift in Sources */ = {isa = PBXBuildFile; fileRef = 424473272A126E1100F4CF7A /* RepeatDay.swift */; };
		4244732B2A12747B00F4CF7A /* AlarmRepeatView.swift in Sources */ = {isa = PBXBuildFile; fileRef = 4244732A2A12747B00F4CF7A /* AlarmRepeatView.swift */; };
		4244732E2A12750C00F4CF7A /* AlarmAddRepeatCellView.swift in Sources */ = {isa = PBXBuildFile; fileRef = 4244732D2A12750C00F4CF7A /* AlarmAddRepeatCellView.swift */; };
		424473302A12770200F4CF7A /* AlarmRepeatCellView.swift in Sources */ = {isa = PBXBuildFile; fileRef = 4244732F2A12770200F4CF7A /* AlarmRepeatCellView.swift */; };
		424473332A12783400F4CF7A /* AlarmAddLabelCellView.swift in Sources */ = {isa = PBXBuildFile; fileRef = 424473322A12783400F4CF7A /* AlarmAddLabelCellView.swift */; };
		424473372A127B5700F4CF7A /* AlarmAddSnoozeCellView.swift in Sources */ = {isa = PBXBuildFile; fileRef = 424473362A127B5700F4CF7A /* AlarmAddSnoozeCellView.swift */; };
		424473392A127BF400F4CF7A /* AlarmAddSoundCellView.swift in Sources */ = {isa = PBXBuildFile; fileRef = 424473382A127BF400F4CF7A /* AlarmAddSoundCellView.swift */; };
		4244733B2A127C3000F4CF7A /* AlarmSoundView.swift in Sources */ = {isa = PBXBuildFile; fileRef = 4244733A2A127C3000F4CF7A /* AlarmSoundView.swift */; };
		4244733D2A12869800F4CF7A /* AlarmData.swift in Sources */ = {isa = PBXBuildFile; fileRef = 4244733C2A12869800F4CF7A /* AlarmData.swift */; };
		4244733F2A128A2100F4CF7A /* AlarmView.swift in Sources */ = {isa = PBXBuildFile; fileRef = 4244733E2A128A2100F4CF7A /* AlarmView.swift */; };
		426AEA292A091BD90045D3DE /* AlarmPracticeApp.swift in Sources */ = {isa = PBXBuildFile; fileRef = 426AEA282A091BD90045D3DE /* AlarmPracticeApp.swift */; };
		426AEA2B2A091BD90045D3DE /* ContentView.swift in Sources */ = {isa = PBXBuildFile; fileRef = 426AEA2A2A091BD90045D3DE /* ContentView.swift */; };
		426AEA2D2A091BDA0045D3DE /* Assets.xcassets in Resources */ = {isa = PBXBuildFile; fileRef = 426AEA2C2A091BDA0045D3DE /* Assets.xcassets */; };
		426AEA302A091BDA0045D3DE /* Preview Assets.xcassets in Resources */ = {isa = PBXBuildFile; fileRef = 426AEA2F2A091BDA0045D3DE /* Preview Assets.xcassets */; };
		426AEA372A0935BD0045D3DE /* MyNavigationView.swift in Sources */ = {isa = PBXBuildFile; fileRef = 426AEA362A0935BD0045D3DE /* MyNavigationView.swift */; };
		426AEA412A0A6CFD0045D3DE /* MyTabView.swift in Sources */ = {isa = PBXBuildFile; fileRef = 426AEA402A0A6CFD0045D3DE /* MyTabView.swift */; };
		426AEA432A0A75420045D3DE /* MyView.swift in Sources */ = {isa = PBXBuildFile; fileRef = 426AEA422A0A75420045D3DE /* MyView.swift */; };
		426AEA622A0CD84D0045D3DE /* ModalView.swift in Sources */ = {isa = PBXBuildFile; fileRef = 426AEA612A0CD84D0045D3DE /* ModalView.swift */; };
/* End PBXBuildFile section */

/* Begin PBXFileReference section */
		424473252A10D18700F4CF7A /* Alarm.swift */ = {isa = PBXFileReference; lastKnownFileType = sourcecode.swift; path = Alarm.swift; sourceTree = "<group>"; };
		424473272A126E1100F4CF7A /* RepeatDay.swift */ = {isa = PBXFileReference; lastKnownFileType = sourcecode.swift; path = RepeatDay.swift; sourceTree = "<group>"; };
		4244732A2A12747B00F4CF7A /* AlarmRepeatView.swift */ = {isa = PBXFileReference; lastKnownFileType = sourcecode.swift; path = AlarmRepeatView.swift; sourceTree = "<group>"; };
		4244732D2A12750C00F4CF7A /* AlarmAddRepeatCellView.swift */ = {isa = PBXFileReference; lastKnownFileType = sourcecode.swift; path = AlarmAddRepeatCellView.swift; sourceTree = "<group>"; };
		4244732F2A12770200F4CF7A /* AlarmRepeatCellView.swift */ = {isa = PBXFileReference; lastKnownFileType = sourcecode.swift; path = AlarmRepeatCellView.swift; sourceTree = "<group>"; };
		424473322A12783400F4CF7A /* AlarmAddLabelCellView.swift */ = {isa = PBXFileReference; lastKnownFileType = sourcecode.swift; path = AlarmAddLabelCellView.swift; sourceTree = "<group>"; };
		424473362A127B5700F4CF7A /* AlarmAddSnoozeCellView.swift */ = {isa = PBXFileReference; lastKnownFileType = sourcecode.swift; path = AlarmAddSnoozeCellView.swift; sourceTree = "<group>"; };
		424473382A127BF400F4CF7A /* AlarmAddSoundCellView.swift */ = {isa = PBXFileReference; lastKnownFileType = sourcecode.swift; path = AlarmAddSoundCellView.swift; sourceTree = "<group>"; };
		4244733A2A127C3000F4CF7A /* AlarmSoundView.swift */ = {isa = PBXFileReference; lastKnownFileType = sourcecode.swift; path = AlarmSoundView.swift; sourceTree = "<group>"; };
		4244733C2A12869800F4CF7A /* AlarmData.swift */ = {isa = PBXFileReference; lastKnownFileType = sourcecode.swift; path = AlarmData.swift; sourceTree = "<group>"; };
		4244733E2A128A2100F4CF7A /* AlarmView.swift */ = {isa = PBXFileReference; lastKnownFileType = sourcecode.swift; path = AlarmView.swift; sourceTree = "<group>"; };
		426AEA252A091BD90045D3DE /* AlarmPractice.app */ = {isa = PBXFileReference; explicitFileType = wrapper.application; includeInIndex = 0; path = AlarmPractice.app; sourceTree = BUILT_PRODUCTS_DIR; };
		426AEA282A091BD90045D3DE /* AlarmPracticeApp.swift */ = {isa = PBXFileReference; lastKnownFileType = sourcecode.swift; path = AlarmPracticeApp.swift; sourceTree = "<group>"; };
		426AEA2A2A091BD90045D3DE /* ContentView.swift */ = {isa = PBXFileReference; lastKnownFileType = sourcecode.swift; path = ContentView.swift; sourceTree = "<group>"; };
		426AEA2C2A091BDA0045D3DE /* Assets.xcassets */ = {isa = PBXFileReference; lastKnownFileType = folder.assetcatalog; path = Assets.xcassets; sourceTree = "<group>"; };
		426AEA2F2A091BDA0045D3DE /* Preview Assets.xcassets */ = {isa = PBXFileReference; lastKnownFileType = folder.assetcatalog; path = "Preview Assets.xcassets"; sourceTree = "<group>"; };
		426AEA362A0935BD0045D3DE /* MyNavigationView.swift */ = {isa = PBXFileReference; lastKnownFileType = sourcecode.swift; path = MyNavigationView.swift; sourceTree = "<group>"; };
		426AEA402A0A6CFD0045D3DE /* MyTabView.swift */ = {isa = PBXFileReference; lastKnownFileType = sourcecode.swift; path = MyTabView.swift; sourceTree = "<group>"; };
		426AEA422A0A75420045D3DE /* MyView.swift */ = {isa = PBXFileReference; lastKnownFileType = sourcecode.swift; path = MyView.swift; sourceTree = "<group>"; };
		426AEA612A0CD84D0045D3DE /* ModalView.swift */ = {isa = PBXFileReference; lastKnownFileType = sourcecode.swift; path = ModalView.swift; sourceTree = "<group>"; };
/* End PBXFileReference section */

/* Begin PBXFrameworksBuildPhase section */
		426AEA222A091BD90045D3DE /* Frameworks */ = {
			isa = PBXFrameworksBuildPhase;
			buildActionMask = 2147483647;
			files = (
			);
			runOnlyForDeploymentPostprocessing = 0;
		};
/* End PBXFrameworksBuildPhase section */

/* Begin PBXGroup section */
		424473292A12745900F4CF7A /* Modal+ */ = {
			isa = PBXGroup;
			children = (
				426AEA612A0CD84D0045D3DE /* ModalView.swift */,
			);
			path = "Modal+";
			sourceTree = "<group>";
		};
		4244732C2A1274F400F4CF7A /* Components */ = {
			isa = PBXGroup;
			children = (
				4244732D2A12750C00F4CF7A /* AlarmAddRepeatCellView.swift */,
				424473322A12783400F4CF7A /* AlarmAddLabelCellView.swift */,
				424473362A127B5700F4CF7A /* AlarmAddSnoozeCellView.swift */,
				424473382A127BF400F4CF7A /* AlarmAddSoundCellView.swift */,
			);
			path = Components;
			sourceTree = "<group>";
		};
		424473312A12780100F4CF7A /* Views */ = {
			isa = PBXGroup;
			children = (
				4244732F2A12770200F4CF7A /* AlarmRepeatCellView.swift */,
				4244733A2A127C3000F4CF7A /* AlarmSoundView.swift */,
				4244732A2A12747B00F4CF7A /* AlarmRepeatView.swift */,
				4244733E2A128A2100F4CF7A /* AlarmView.swift */,
			);
			path = Views;
			sourceTree = "<group>";
		};
		426AEA1C2A091BD90045D3DE = {
			isa = PBXGroup;
			children = (
				426AEA272A091BD90045D3DE /* AlarmPractice */,
				426AEA262A091BD90045D3DE /* Products */,
			);
			sourceTree = "<group>";
		};
		426AEA262A091BD90045D3DE /* Products */ = {
			isa = PBXGroup;
			children = (
				426AEA252A091BD90045D3DE /* AlarmPractice.app */,
			);
			name = Products;
			sourceTree = "<group>";
		};
		426AEA272A091BD90045D3DE /* AlarmPractice */ = {
			isa = PBXGroup;
			children = (
				426AEA282A091BD90045D3DE /* AlarmPracticeApp.swift */,
				426AEA2A2A091BD90045D3DE /* ContentView.swift */,
				426AEA362A0935BD0045D3DE /* MyNavigationView.swift */,
				424473252A10D18700F4CF7A /* Alarm.swift */,
				4244733C2A12869800F4CF7A /* AlarmData.swift */,
				424473272A126E1100F4CF7A /* RepeatDay.swift */,
				426AEA402A0A6CFD0045D3DE /* MyTabView.swift */,
				426AEA422A0A75420045D3DE /* MyView.swift */,
				424473312A12780100F4CF7A /* Views */,
				4244732C2A1274F400F4CF7A /* Components */,
				424473292A12745900F4CF7A /* Modal+ */,
				426AEA2C2A091BDA0045D3DE /* Assets.xcassets */,
				426AEA2E2A091BDA0045D3DE /* Preview Content */,
			);
			path = AlarmPractice;
			sourceTree = "<group>";
		};
		426AEA2E2A091BDA0045D3DE /* Preview Content */ = {
			isa = PBXGroup;
			children = (
				426AEA2F2A091BDA0045D3DE /* Preview Assets.xcassets */,
			);
			path = "Preview Content";
			sourceTree = "<group>";
		};
/* End PBXGroup section */

/* Begin PBXNativeTarget section */
		426AEA242A091BD90045D3DE /* AlarmPractice */ = {
			isa = PBXNativeTarget;
			buildConfigurationList = 426AEA332A091BDA0045D3DE /* Build configuration list for PBXNativeTarget "AlarmPractice" */;
			buildPhases = (
				426AEA212A091BD90045D3DE /* Sources */,
				426AEA222A091BD90045D3DE /* Frameworks */,
				426AEA232A091BD90045D3DE /* Resources */,
			);
			buildRules = (
			);
			dependencies = (
			);
			name = AlarmPractice;
			productName = AlarmPractice;
			productReference = 426AEA252A091BD90045D3DE /* AlarmPractice.app */;
			productType = "com.apple.product-type.application";
		};
/* End PBXNativeTarget section */

/* Begin PBXProject section */
		426AEA1D2A091BD90045D3DE /* Project object */ = {
			isa = PBXProject;
			attributes = {
				BuildIndependentTargetsInParallel = 1;
				LastSwiftUpdateCheck = 1420;
				LastUpgradeCheck = 1420;
				TargetAttributes = {
					426AEA242A091BD90045D3DE = {
						CreatedOnToolsVersion = 14.2;
					};
				};
			};
			buildConfigurationList = 426AEA202A091BD90045D3DE /* Build configuration list for PBXProject "AlarmPractice" */;
			compatibilityVersion = "Xcode 14.0";
			developmentRegion = en;
			hasScannedForEncodings = 0;
			knownRegions = (
				en,
				Base,
			);
			mainGroup = 426AEA1C2A091BD90045D3DE;
			productRefGroup = 426AEA262A091BD90045D3DE /* Products */;
			projectDirPath = "";
			projectRoot = "";
			targets = (
				426AEA242A091BD90045D3DE /* AlarmPractice */,
			);
		};
/* End PBXProject section */

/* Begin PBXResourcesBuildPhase section */
		426AEA232A091BD90045D3DE /* Resources */ = {
			isa = PBXResourcesBuildPhase;
			buildActionMask = 2147483647;
			files = (
				426AEA302A091BDA0045D3DE /* Preview Assets.xcassets in Resources */,
				426AEA2D2A091BDA0045D3DE /* Assets.xcassets in Resources */,
			);
			runOnlyForDeploymentPostprocessing = 0;
		};
/* End PBXResourcesBuildPhase section */

/* Begin PBXSourcesBuildPhase section */
		426AEA212A091BD90045D3DE /* Sources */ = {
			isa = PBXSourcesBuildPhase;
			buildActionMask = 2147483647;
			files = (
				426AEA622A0CD84D0045D3DE /* ModalView.swift in Sources */,
				4244733D2A12869800F4CF7A /* AlarmData.swift in Sources */,
				4244732E2A12750C00F4CF7A /* AlarmAddRepeatCellView.swift in Sources */,
				424473282A126E1100F4CF7A /* RepeatDay.swift in Sources */,
				424473372A127B5700F4CF7A /* AlarmAddSnoozeCellView.swift in Sources */,
				426AEA2B2A091BD90045D3DE /* ContentView.swift in Sources */,
				426AEA292A091BD90045D3DE /* AlarmPracticeApp.swift in Sources */,
				4244733F2A128A2100F4CF7A /* AlarmView.swift in Sources */,
				424473392A127BF400F4CF7A /* AlarmAddSoundCellView.swift in Sources */,
				4244733B2A127C3000F4CF7A /* AlarmSoundView.swift in Sources */,
				424473302A12770200F4CF7A /* AlarmRepeatCellView.swift in Sources */,
				426AEA432A0A75420045D3DE /* MyView.swift in Sources */,
				424473332A12783400F4CF7A /* AlarmAddLabelCellView.swift in Sources */,
				426AEA412A0A6CFD0045D3DE /* MyTabView.swift in Sources */,
				424473262A10D18700F4CF7A /* Alarm.swift in Sources */,
				4244732B2A12747B00F4CF7A /* AlarmRepeatView.swift in Sources */,
				426AEA372A0935BD0045D3DE /* MyNavigationView.swift in Sources */,
			);
			runOnlyForDeploymentPostprocessing = 0;
		};
/* End PBXSourcesBuildPhase section */

/* Begin XCBuildConfiguration section */
		426AEA312A091BDA0045D3DE /* Debug */ = {
			isa = XCBuildConfiguration;
			buildSettings = {
				ALWAYS_SEARCH_USER_PATHS = NO;
				CLANG_ANALYZER_NONNULL = YES;
				CLANG_ANALYZER_NUMBER_OBJECT_CONVERSION = YES_AGGRESSIVE;
				CLANG_CXX_LANGUAGE_STANDARD = "gnu++20";
				CLANG_ENABLE_MODULES = YES;
				CLANG_ENABLE_OBJC_ARC = YES;
				CLANG_ENABLE_OBJC_WEAK = YES;
				CLANG_WARN_BLOCK_CAPTURE_AUTORELEASING = YES;
				CLANG_WARN_BOOL_CONVERSION = YES;
				CLANG_WARN_COMMA = YES;
				CLANG_WARN_CONSTANT_CONVERSION = YES;
				CLANG_WARN_DEPRECATED_OBJC_IMPLEMENTATIONS = YES;
				CLANG_WARN_DIRECT_OBJC_ISA_USAGE = YES_ERROR;
				CLANG_WARN_DOCUMENTATION_COMMENTS = YES;
				CLANG_WARN_EMPTY_BODY = YES;
				CLANG_WARN_ENUM_CONVERSION = YES;
				CLANG_WARN_INFINITE_RECURSION = YES;
				CLANG_WARN_INT_CONVERSION = YES;
				CLANG_WARN_NON_LITERAL_NULL_CONVERSION = YES;
				CLANG_WARN_OBJC_IMPLICIT_RETAIN_SELF = YES;
				CLANG_WARN_OBJC_LITERAL_CONVERSION = YES;
				CLANG_WARN_OBJC_ROOT_CLASS = YES_ERROR;
				CLANG_WARN_QUOTED_INCLUDE_IN_FRAMEWORK_HEADER = YES;
				CLANG_WARN_RANGE_LOOP_ANALYSIS = YES;
				CLANG_WARN_STRICT_PROTOTYPES = YES;
				CLANG_WARN_SUSPICIOUS_MOVE = YES;
				CLANG_WARN_UNGUARDED_AVAILABILITY = YES_AGGRESSIVE;
				CLANG_WARN_UNREACHABLE_CODE = YES;
				CLANG_WARN__DUPLICATE_METHOD_MATCH = YES;
				COPY_PHASE_STRIP = NO;
				DEBUG_INFORMATION_FORMAT = dwarf;
				ENABLE_STRICT_OBJC_MSGSEND = YES;
				ENABLE_TESTABILITY = YES;
				GCC_C_LANGUAGE_STANDARD = gnu11;
				GCC_DYNAMIC_NO_PIC = NO;
				GCC_NO_COMMON_BLOCKS = YES;
				GCC_OPTIMIZATION_LEVEL = 0;
				GCC_PREPROCESSOR_DEFINITIONS = (
					"DEBUG=1",
					"$(inherited)",
				);
				GCC_WARN_64_TO_32_BIT_CONVERSION = YES;
				GCC_WARN_ABOUT_RETURN_TYPE = YES_ERROR;
				GCC_WARN_UNDECLARED_SELECTOR = YES;
				GCC_WARN_UNINITIALIZED_AUTOS = YES_AGGRESSIVE;
				GCC_WARN_UNUSED_FUNCTION = YES;
				GCC_WARN_UNUSED_VARIABLE = YES;
				IPHONEOS_DEPLOYMENT_TARGET = 16.2;
				MTL_ENABLE_DEBUG_INFO = INCLUDE_SOURCE;
				MTL_FAST_MATH = YES;
				ONLY_ACTIVE_ARCH = YES;
				SDKROOT = iphoneos;
				SWIFT_ACTIVE_COMPILATION_CONDITIONS = DEBUG;
				SWIFT_OPTIMIZATION_LEVEL = "-Onone";
			};
			name = Debug;
		};
		426AEA322A091BDA0045D3DE /* Release */ = {
			isa = XCBuildConfiguration;
			buildSettings = {
				ALWAYS_SEARCH_USER_PATHS = NO;
				CLANG_ANALYZER_NONNULL = YES;
				CLANG_ANALYZER_NUMBER_OBJECT_CONVERSION = YES_AGGRESSIVE;
				CLANG_CXX_LANGUAGE_STANDARD = "gnu++20";
				CLANG_ENABLE_MODULES = YES;
				CLANG_ENABLE_OBJC_ARC = YES;
				CLANG_ENABLE_OBJC_WEAK = YES;
				CLANG_WARN_BLOCK_CAPTURE_AUTORELEASING = YES;
				CLANG_WARN_BOOL_CONVERSION = YES;
				CLANG_WARN_COMMA = YES;
				CLANG_WARN_CONSTANT_CONVERSION = YES;
				CLANG_WARN_DEPRECATED_OBJC_IMPLEMENTATIONS = YES;
				CLANG_WARN_DIRECT_OBJC_ISA_USAGE = YES_ERROR;
				CLANG_WARN_DOCUMENTATION_COMMENTS = YES;
				CLANG_WARN_EMPTY_BODY = YES;
				CLANG_WARN_ENUM_CONVERSION = YES;
				CLANG_WARN_INFINITE_RECURSION = YES;
				CLANG_WARN_INT_CONVERSION = YES;
				CLANG_WARN_NON_LITERAL_NULL_CONVERSION = YES;
				CLANG_WARN_OBJC_IMPLICIT_RETAIN_SELF = YES;
				CLANG_WARN_OBJC_LITERAL_CONVERSION = YES;
				CLANG_WARN_OBJC_ROOT_CLASS = YES_ERROR;
				CLANG_WARN_QUOTED_INCLUDE_IN_FRAMEWORK_HEADER = YES;
				CLANG_WARN_RANGE_LOOP_ANALYSIS = YES;
				CLANG_WARN_STRICT_PROTOTYPES = YES;
				CLANG_WARN_SUSPICIOUS_MOVE = YES;
				CLANG_WARN_UNGUARDED_AVAILABILITY = YES_AGGRESSIVE;
				CLANG_WARN_UNREACHABLE_CODE = YES;
				CLANG_WARN__DUPLICATE_METHOD_MATCH = YES;
				COPY_PHASE_STRIP = NO;
				DEBUG_INFORMATION_FORMAT = "dwarf-with-dsym";
				ENABLE_NS_ASSERTIONS = NO;
				ENABLE_STRICT_OBJC_MSGSEND = YES;
				GCC_C_LANGUAGE_STANDARD = gnu11;
				GCC_NO_COMMON_BLOCKS = YES;
				GCC_WARN_64_TO_32_BIT_CONVERSION = YES;
				GCC_WARN_ABOUT_RETURN_TYPE = YES_ERROR;
				GCC_WARN_UNDECLARED_SELECTOR = YES;
				GCC_WARN_UNINITIALIZED_AUTOS = YES_AGGRESSIVE;
				GCC_WARN_UNUSED_FUNCTION = YES;
				GCC_WARN_UNUSED_VARIABLE = YES;
				IPHONEOS_DEPLOYMENT_TARGET = 16.2;
				MTL_ENABLE_DEBUG_INFO = NO;
				MTL_FAST_MATH = YES;
				SDKROOT = iphoneos;
				SWIFT_COMPILATION_MODE = wholemodule;
				SWIFT_OPTIMIZATION_LEVEL = "-O";
				VALIDATE_PRODUCT = YES;
			};
			name = Release;
		};
		426AEA342A091BDA0045D3DE /* Debug */ = {
			isa = XCBuildConfiguration;
			buildSettings = {
				ASSETCATALOG_COMPILER_APPICON_NAME = AppIcon;
				ASSETCATALOG_COMPILER_GLOBAL_ACCENT_COLOR_NAME = AccentColor;
				CODE_SIGN_STYLE = Automatic;
				CURRENT_PROJECT_VERSION = 1;
				DEVELOPMENT_ASSET_PATHS = "\"AlarmPractice/Preview Content\"";
				ENABLE_PREVIEWS = YES;
				GENERATE_INFOPLIST_FILE = YES;
				INFOPLIST_KEY_UIApplicationSceneManifest_Generation = YES;
				INFOPLIST_KEY_UIApplicationSupportsIndirectInputEvents = YES;
				INFOPLIST_KEY_UILaunchScreen_Generation = YES;
				INFOPLIST_KEY_UISupportedInterfaceOrientations_iPad = "UIInterfaceOrientationPortrait UIInterfaceOrientationPortraitUpsideDown UIInterfaceOrientationLandscapeLeft UIInterfaceOrientationLandscapeRight";
				INFOPLIST_KEY_UISupportedInterfaceOrientations_iPhone = "UIInterfaceOrientationPortrait UIInterfaceOrientationLandscapeLeft UIInterfaceOrientationLandscapeRight";
				LD_RUNPATH_SEARCH_PATHS = (
					"$(inherited)",
					"@executable_path/Frameworks",
				);
				MARKETING_VERSION = 1.0;
				PRODUCT_BUNDLE_IDENTIFIER = com.greed.AlarmPractice;
				PRODUCT_NAME = "$(TARGET_NAME)";
				SWIFT_EMIT_LOC_STRINGS = YES;
				SWIFT_VERSION = 5.0;
				TARGETED_DEVICE_FAMILY = "1,2";
			};
			name = Debug;
		};
		426AEA352A091BDA0045D3DE /* Release */ = {
			isa = XCBuildConfiguration;
			buildSettings = {
				ASSETCATALOG_COMPILER_APPICON_NAME = AppIcon;
				ASSETCATALOG_COMPILER_GLOBAL_ACCENT_COLOR_NAME = AccentColor;
				CODE_SIGN_STYLE = Automatic;
				CURRENT_PROJECT_VERSION = 1;
				DEVELOPMENT_ASSET_PATHS = "\"AlarmPractice/Preview Content\"";
				ENABLE_PREVIEWS = YES;
				GENERATE_INFOPLIST_FILE = YES;
				INFOPLIST_KEY_UIApplicationSceneManifest_Generation = YES;
				INFOPLIST_KEY_UIApplicationSupportsIndirectInputEvents = YES;
				INFOPLIST_KEY_UILaunchScreen_Generation = YES;
				INFOPLIST_KEY_UISupportedInterfaceOrientations_iPad = "UIInterfaceOrientationPortrait UIInterfaceOrientationPortraitUpsideDown UIInterfaceOrientationLandscapeLeft UIInterfaceOrientationLandscapeRight";
				INFOPLIST_KEY_UISupportedInterfaceOrientations_iPhone = "UIInterfaceOrientationPortrait UIInterfaceOrientationLandscapeLeft UIInterfaceOrientationLandscapeRight";
				LD_RUNPATH_SEARCH_PATHS = (
					"$(inherited)",
					"@executable_path/Frameworks",
				);
				MARKETING_VERSION = 1.0;
				PRODUCT_BUNDLE_IDENTIFIER = com.greed.AlarmPractice;
				PRODUCT_NAME = "$(TARGET_NAME)";
				SWIFT_EMIT_LOC_STRINGS = YES;
				SWIFT_VERSION = 5.0;
				TARGETED_DEVICE_FAMILY = "1,2";
			};
			name = Release;
		};
/* End XCBuildConfiguration section */

/* Begin XCConfigurationList section */
		426AEA202A091BD90045D3DE /* Build configuration list for PBXProject "AlarmPractice" */ = {
			isa = XCConfigurationList;
			buildConfigurations = (
				426AEA312A091BDA0045D3DE /* Debug */,
				426AEA322A091BDA0045D3DE /* Release */,
			);
			defaultConfigurationIsVisible = 0;
			defaultConfigurationName = Release;
		};
		426AEA332A091BDA0045D3DE /* Build configuration list for PBXNativeTarget "AlarmPractice" */ = {
			isa = XCConfigurationList;
			buildConfigurations = (
				426AEA342A091BDA0045D3DE /* Debug */,
				426AEA352A091BDA0045D3DE /* Release */,
			);
			defaultConfigurationIsVisible = 0;
			defaultConfigurationName = Release;
		};
/* End XCConfigurationList section */
	};
	rootObject = 426AEA1D2A091BD90045D3DE /* Project object */;
}
